
Microsoft Visual Studio Solution File, Format Version 12.00
# Visual Studio Version 16
VisualStudioVersion = 16.0.30907.101
MinimumVisualStudioVersion = 10.0.40219.1
Project("{FAE04EC0-301F-11D3-BF4B-00C04F79EFBC}") = "AzureCloudEndpoints.BlazorServer", "Poste.CloudEnpoints.BlazorServer\AzureCloudEndpoints.BlazorServer.csproj", "{720194AA-11B7-404F-9FC5-4DD69EDF2188}"
EndProject
Global
	GlobalSection(SolutionConfigurationPlatforms) = preSolution
		Debug|Any CPU = Debug|Any CPU
		Release|Any CPU = Release|Any CPU
	EndGlobalSection
	GlobalSection(ProjectConfigurationPlatforms) = postSolution
		{720194AA-11B7-404F-9FC5-4DD69EDF2188}.Debug|Any CPU.ActiveCfg = Debug|Any CPU
		{720194AA-11B7-404F-9FC5-4DD69EDF2188}.Debug|Any CPU.Build.0 = Debug|Any CPU
		{720194AA-11B7-404F-9FC5-4DD69EDF2188}.Release|Any CPU.ActiveCfg = Release|Any CPU
		{720194AA-11B7-404F-9FC5-4DD69EDF2188}.Release|Any CPU.Build.0 = Release|Any CPU
	EndGlobalSection
	GlobalSection(SolutionProperties) = preSolution
		HideSolutionNode = FALSE
	EndGlobalSection
	GlobalSection(ExtensibilityGlobals) = postSolution
		SolutionGuid = {670225FD-9E29-4E1C-ACB6-26F0A496D3AE}
	EndGlobalSection
EndGlobal
